// !$*UTF8*$!
{
	archiveVersion = 1;
	classes = {
	};
	objectVersion = 50;
	objects = {

/* Begin PBXBuildFile section */
		02714324261E999B0037AD6E /* AppDelegate.swift in Sources */ = {isa = PBXBuildFile; fileRef = 02714323261E999B0037AD6E /* AppDelegate.swift */; };
		02714327261E999B0037AD6E /* Main.storyboard in Resources */ = {isa = PBXBuildFile; fileRef = 02714325261E999B0037AD6E /* Main.storyboard */; };
		02714329261E999B0037AD6E /* ViewController.swift in Sources */ = {isa = PBXBuildFile; fileRef = 02714328261E999B0037AD6E /* ViewController.swift */; };
		0271432B261E999C0037AD6E /* Assets.xcassets in Resources */ = {isa = PBXBuildFile; fileRef = 0271432A261E999C0037AD6E /* Assets.xcassets */; };
		02714332261E999C0037AD6E /* SearchKey Extension.appex in Embed App Extensions */ = {isa = PBXBuildFile; fileRef = 02714331261E999C0037AD6E /* SearchKey Extension.appex */; settings = {ATTRIBUTES = (RemoveHeadersOnCopy, ); }; };
		02714337261E999C0037AD6E /* Cocoa.framework in Frameworks */ = {isa = PBXBuildFile; fileRef = 02714336261E999C0037AD6E /* Cocoa.framework */; };
		0271433A261E999C0037AD6E /* SafariExtensionHandler.swift in Sources */ = {isa = PBXBuildFile; fileRef = 02714339261E999C0037AD6E /* SafariExtensionHandler.swift */; };
		0271433C261E999C0037AD6E /* SafariExtensionViewController.swift in Sources */ = {isa = PBXBuildFile; fileRef = 0271433B261E999C0037AD6E /* SafariExtensionViewController.swift */; };
		0271433F261E999C0037AD6E /* script.js in Resources */ = {isa = PBXBuildFile; fileRef = 0271433E261E999C0037AD6E /* script.js */; };
		02714341261E999C0037AD6E /* ToolbarItemIcon.pdf in Resources */ = {isa = PBXBuildFile; fileRef = 02714340261E999C0037AD6E /* ToolbarItemIcon.pdf */; };
		02714344261E999C0037AD6E /* SafariExtensionViewController.xib in Resources */ = {isa = PBXBuildFile; fileRef = 02714342261E999C0037AD6E /* SafariExtensionViewController.xib */; };
/* End PBXBuildFile section */

/* Begin PBXContainerItemProxy section */
		02714333261E999C0037AD6E /* PBXContainerItemProxy */ = {
			isa = PBXContainerItemProxy;
			containerPortal = 02714317261E999B0037AD6E /* Project object */;
			proxyType = 1;
			remoteGlobalIDString = 02714330261E999C0037AD6E;
			remoteInfo = "SearchKey Extension";
		};
/* End PBXContainerItemProxy section */

/* Begin PBXCopyFilesBuildPhase section */
		0271434C261E999C0037AD6E /* Embed App Extensions */ = {
			isa = PBXCopyFilesBuildPhase;
			buildActionMask = 2147483647;
			dstPath = "";
			dstSubfolderSpec = 13;
			files = (
				02714332261E999C0037AD6E /* SearchKey Extension.appex in Embed App Extensions */,
			);
			name = "Embed App Extensions";
			runOnlyForDeploymentPostprocessing = 0;
		};
/* End PBXCopyFilesBuildPhase section */

/* Begin PBXFileReference section */
		0271431F261E999B0037AD6E /* SearchKey.app */ = {isa = PBXFileReference; explicitFileType = wrapper.application; includeInIndex = 0; path = SearchKey.app; sourceTree = BUILT_PRODUCTS_DIR; };
		02714322261E999B0037AD6E /* SearchKey.entitlements */ = {isa = PBXFileReference; lastKnownFileType = text.plist.entitlements; path = SearchKey.entitlements; sourceTree = "<group>"; };
		02714323261E999B0037AD6E /* AppDelegate.swift */ = {isa = PBXFileReference; lastKnownFileType = sourcecode.swift; path = AppDelegate.swift; sourceTree = "<group>"; };
		02714326261E999B0037AD6E /* Base */ = {isa = PBXFileReference; lastKnownFileType = file.storyboard; name = Base; path = Base.lproj/Main.storyboard; sourceTree = "<group>"; };
		02714328261E999B0037AD6E /* ViewController.swift */ = {isa = PBXFileReference; lastKnownFileType = sourcecode.swift; path = ViewController.swift; sourceTree = "<group>"; };
		0271432A261E999C0037AD6E /* Assets.xcassets */ = {isa = PBXFileReference; lastKnownFileType = folder.assetcatalog; path = Assets.xcassets; sourceTree = "<group>"; };
		0271432C261E999C0037AD6E /* Info.plist */ = {isa = PBXFileReference; lastKnownFileType = text.plist.xml; path = Info.plist; sourceTree = "<group>"; };
		02714331261E999C0037AD6E /* SearchKey Extension.appex */ = {isa = PBXFileReference; explicitFileType = "wrapper.app-extension"; includeInIndex = 0; path = "SearchKey Extension.appex"; sourceTree = BUILT_PRODUCTS_DIR; };
		02714336261E999C0037AD6E /* Cocoa.framework */ = {isa = PBXFileReference; lastKnownFileType = wrapper.framework; name = Cocoa.framework; path = System/Library/Frameworks/Cocoa.framework; sourceTree = SDKROOT; };
		02714339261E999C0037AD6E /* SafariExtensionHandler.swift */ = {isa = PBXFileReference; lastKnownFileType = sourcecode.swift; path = SafariExtensionHandler.swift; sourceTree = "<group>"; };
		0271433B261E999C0037AD6E /* SafariExtensionViewController.swift */ = {isa = PBXFileReference; lastKnownFileType = sourcecode.swift; path = SafariExtensionViewController.swift; sourceTree = "<group>"; };
		0271433E261E999C0037AD6E /* script.js */ = {isa = PBXFileReference; lastKnownFileType = sourcecode.javascript; path = script.js; sourceTree = "<group>"; };
		02714340261E999C0037AD6E /* ToolbarItemIcon.pdf */ = {isa = PBXFileReference; lastKnownFileType = image.pdf; path = ToolbarItemIcon.pdf; sourceTree = "<group>"; };
		02714343261E999C0037AD6E /* Base */ = {isa = PBXFileReference; lastKnownFileType = file.xib; name = Base; path = Base.lproj/SafariExtensionViewController.xib; sourceTree = "<group>"; };
		02714345261E999C0037AD6E /* Info.plist */ = {isa = PBXFileReference; lastKnownFileType = text.plist.xml; path = Info.plist; sourceTree = "<group>"; };
		02714346261E999C0037AD6E /* SearchKey_Extension.entitlements */ = {isa = PBXFileReference; lastKnownFileType = text.plist.entitlements; path = SearchKey_Extension.entitlements; sourceTree = "<group>"; };
/* End PBXFileReference section */

/* Begin PBXFrameworksBuildPhase section */
		0271431C261E999B0037AD6E /* Frameworks */ = {
			isa = PBXFrameworksBuildPhase;
			buildActionMask = 2147483647;
			files = (
			);
			runOnlyForDeploymentPostprocessing = 0;
		};
		0271432E261E999C0037AD6E /* Frameworks */ = {
			isa = PBXFrameworksBuildPhase;
			buildActionMask = 2147483647;
			files = (
				02714337261E999C0037AD6E /* Cocoa.framework in Frameworks */,
			);
			runOnlyForDeploymentPostprocessing = 0;
		};
/* End PBXFrameworksBuildPhase section */

/* Begin PBXGroup section */
		02714316261E999B0037AD6E = {
			isa = PBXGroup;
			children = (
				02714321261E999B0037AD6E /* SearchKey */,
				02714338261E999C0037AD6E /* SearchKey Extension */,
				02714335261E999C0037AD6E /* Frameworks */,
				02714320261E999B0037AD6E /* Products */,
			);
			sourceTree = "<group>";
		};
		02714320261E999B0037AD6E /* Products */ = {
			isa = PBXGroup;
			children = (
				0271431F261E999B0037AD6E /* SearchKey.app */,
				02714331261E999C0037AD6E /* SearchKey Extension.appex */,
			);
			name = Products;
			sourceTree = "<group>";
		};
		02714321261E999B0037AD6E /* SearchKey */ = {
			isa = PBXGroup;
			children = (
				02714322261E999B0037AD6E /* SearchKey.entitlements */,
				02714323261E999B0037AD6E /* AppDelegate.swift */,
				02714325261E999B0037AD6E /* Main.storyboard */,
				02714328261E999B0037AD6E /* ViewController.swift */,
				0271432A261E999C0037AD6E /* Assets.xcassets */,
				0271432C261E999C0037AD6E /* Info.plist */,
			);
			path = SearchKey;
			sourceTree = "<group>";
		};
		02714335261E999C0037AD6E /* Frameworks */ = {
			isa = PBXGroup;
			children = (
				02714336261E999C0037AD6E /* Cocoa.framework */,
			);
			name = Frameworks;
			sourceTree = "<group>";
		};
		02714338261E999C0037AD6E /* SearchKey Extension */ = {
			isa = PBXGroup;
			children = (
				02714339261E999C0037AD6E /* SafariExtensionHandler.swift */,
				0271433B261E999C0037AD6E /* SafariExtensionViewController.swift */,
				02714342261E999C0037AD6E /* SafariExtensionViewController.xib */,
				02714345261E999C0037AD6E /* Info.plist */,
				02714346261E999C0037AD6E /* SearchKey_Extension.entitlements */,
				0271433D261E999C0037AD6E /* Resources */,
			);
			path = "SearchKey Extension";
			sourceTree = "<group>";
		};
		0271433D261E999C0037AD6E /* Resources */ = {
			isa = PBXGroup;
			children = (
				0271433E261E999C0037AD6E /* script.js */,
				02714340261E999C0037AD6E /* ToolbarItemIcon.pdf */,
			);
			path = Resources;
			sourceTree = "<group>";
		};
/* End PBXGroup section */

/* Begin PBXNativeTarget section */
		0271431E261E999B0037AD6E /* SearchKey */ = {
			isa = PBXNativeTarget;
			buildConfigurationList = 0271434D261E999C0037AD6E /* Build configuration list for PBXNativeTarget "SearchKey" */;
			buildPhases = (
				0271431B261E999B0037AD6E /* Sources */,
				0271431C261E999B0037AD6E /* Frameworks */,
				0271431D261E999B0037AD6E /* Resources */,
				0271434C261E999C0037AD6E /* Embed App Extensions */,
			);
			buildRules = (
			);
			dependencies = (
				02714334261E999C0037AD6E /* PBXTargetDependency */,
			);
			name = SearchKey;
			productName = SearchKey;
			productReference = 0271431F261E999B0037AD6E /* SearchKey.app */;
			productType = "com.apple.product-type.application";
		};
		02714330261E999C0037AD6E /* SearchKey Extension */ = {
			isa = PBXNativeTarget;
			buildConfigurationList = 02714349261E999C0037AD6E /* Build configuration list for PBXNativeTarget "SearchKey Extension" */;
			buildPhases = (
				0271432D261E999C0037AD6E /* Sources */,
				0271432E261E999C0037AD6E /* Frameworks */,
				0271432F261E999C0037AD6E /* Resources */,
			);
			buildRules = (
			);
			dependencies = (
			);
			name = "SearchKey Extension";
			productName = "SearchKey Extension";
			productReference = 02714331261E999C0037AD6E /* SearchKey Extension.appex */;
			productType = "com.apple.product-type.app-extension";
		};
/* End PBXNativeTarget section */

/* Begin PBXProject section */
		02714317261E999B0037AD6E /* Project object */ = {
			isa = PBXProject;
			attributes = {
				LastSwiftUpdateCheck = 1240;
				LastUpgradeCheck = 1240;
				TargetAttributes = {
					0271431E261E999B0037AD6E = {
						CreatedOnToolsVersion = 12.4;
					};
					02714330261E999C0037AD6E = {
						CreatedOnToolsVersion = 12.4;
					};
				};
			};
			buildConfigurationList = 0271431A261E999B0037AD6E /* Build configuration list for PBXProject "SearchKey" */;
			compatibilityVersion = "Xcode 9.3";
			developmentRegion = en;
			hasScannedForEncodings = 0;
			knownRegions = (
				en,
				Base,
			);
			mainGroup = 02714316261E999B0037AD6E;
			productRefGroup = 02714320261E999B0037AD6E /* Products */;
			projectDirPath = "";
			projectRoot = "";
			targets = (
				0271431E261E999B0037AD6E /* SearchKey */,
				02714330261E999C0037AD6E /* SearchKey Extension */,
			);
		};
/* End PBXProject section */

/* Begin PBXResourcesBuildPhase section */
		0271431D261E999B0037AD6E /* Resources */ = {
			isa = PBXResourcesBuildPhase;
			buildActionMask = 2147483647;
			files = (
				0271432B261E999C0037AD6E /* Assets.xcassets in Resources */,
				02714327261E999B0037AD6E /* Main.storyboard in Resources */,
			);
			runOnlyForDeploymentPostprocessing = 0;
		};
		0271432F261E999C0037AD6E /* Resources */ = {
			isa = PBXResourcesBuildPhase;
			buildActionMask = 2147483647;
			files = (
				02714344261E999C0037AD6E /* SafariExtensionViewController.xib in Resources */,
				02714341261E999C0037AD6E /* ToolbarItemIcon.pdf in Resources */,
				0271433F261E999C0037AD6E /* script.js in Resources */,
			);
			runOnlyForDeploymentPostprocessing = 0;
		};
/* End PBXResourcesBuildPhase section */

/* Begin PBXSourcesBuildPhase section */
		0271431B261E999B0037AD6E /* Sources */ = {
			isa = PBXSourcesBuildPhase;
			buildActionMask = 2147483647;
			files = (
				02714329261E999B0037AD6E /* ViewController.swift in Sources */,
				02714324261E999B0037AD6E /* AppDelegate.swift in Sources */,
			);
			runOnlyForDeploymentPostprocessing = 0;
		};
		0271432D261E999C0037AD6E /* Sources */ = {
			isa = PBXSourcesBuildPhase;
			buildActionMask = 2147483647;
			files = (
				0271433C261E999C0037AD6E /* SafariExtensionViewController.swift in Sources */,
				0271433A261E999C0037AD6E /* SafariExtensionHandler.swift in Sources */,
			);
			runOnlyForDeploymentPostprocessing = 0;
		};
/* End PBXSourcesBuildPhase section */

/* Begin PBXTargetDependency section */
		02714334261E999C0037AD6E /* PBXTargetDependency */ = {
			isa = PBXTargetDependency;
			target = 02714330261E999C0037AD6E /* SearchKey Extension */;
			targetProxy = 02714333261E999C0037AD6E /* PBXContainerItemProxy */;
		};
/* End PBXTargetDependency section */

/* Begin PBXVariantGroup section */
		02714325261E999B0037AD6E /* Main.storyboard */ = {
			isa = PBXVariantGroup;
			children = (
				02714326261E999B0037AD6E /* Base */,
			);
			name = Main.storyboard;
			sourceTree = "<group>";
		};
		02714342261E999C0037AD6E /* SafariExtensionViewController.xib */ = {
			isa = PBXVariantGroup;
			children = (
				02714343261E999C0037AD6E /* Base */,
			);
			name = SafariExtensionViewController.xib;
			sourceTree = "<group>";
		};
/* End PBXVariantGroup section */

/* Begin XCBuildConfiguration section */
		02714347261E999C0037AD6E /* Debug */ = {
			isa = XCBuildConfiguration;
			buildSettings = {
				ALWAYS_SEARCH_USER_PATHS = NO;
				CLANG_ANALYZER_NONNULL = YES;
				CLANG_ANALYZER_NUMBER_OBJECT_CONVERSION = YES_AGGRESSIVE;
				CLANG_CXX_LANGUAGE_STANDARD = "gnu++14";
				CLANG_CXX_LIBRARY = "libc++";
				CLANG_ENABLE_MODULES = YES;
				CLANG_ENABLE_OBJC_ARC = YES;
				CLANG_ENABLE_OBJC_WEAK = YES;
				CLANG_WARN_BLOCK_CAPTURE_AUTORELEASING = YES;
				CLANG_WARN_BOOL_CONVERSION = YES;
				CLANG_WARN_COMMA = YES;
				CLANG_WARN_CONSTANT_CONVERSION = YES;
				CLANG_WARN_DEPRECATED_OBJC_IMPLEMENTATIONS = YES;
				CLANG_WARN_DIRECT_OBJC_ISA_USAGE = YES_ERROR;
				CLANG_WARN_DOCUMENTATION_COMMENTS = YES;
				CLANG_WARN_EMPTY_BODY = YES;
				CLANG_WARN_ENUM_CONVERSION = YES;
				CLANG_WARN_INFINITE_RECURSION = YES;
				CLANG_WARN_INT_CONVERSION = YES;
				CLANG_WARN_NON_LITERAL_NULL_CONVERSION = YES;
				CLANG_WARN_OBJC_IMPLICIT_RETAIN_SELF = YES;
				CLANG_WARN_OBJC_LITERAL_CONVERSION = YES;
				CLANG_WARN_OBJC_ROOT_CLASS = YES_ERROR;
				CLANG_WARN_QUOTED_INCLUDE_IN_FRAMEWORK_HEADER = YES;
				CLANG_WARN_RANGE_LOOP_ANALYSIS = YES;
				CLANG_WARN_STRICT_PROTOTYPES = YES;
				CLANG_WARN_SUSPICIOUS_MOVE = YES;
				CLANG_WARN_UNGUARDED_AVAILABILITY = YES_AGGRESSIVE;
				CLANG_WARN_UNREACHABLE_CODE = YES;
				CLANG_WARN__DUPLICATE_METHOD_MATCH = YES;
				COPY_PHASE_STRIP = NO;
				DEBUG_INFORMATION_FORMAT = dwarf;
				ENABLE_STRICT_OBJC_MSGSEND = YES;
				ENABLE_TESTABILITY = YES;
				GCC_C_LANGUAGE_STANDARD = gnu11;
				GCC_DYNAMIC_NO_PIC = NO;
				GCC_NO_COMMON_BLOCKS = YES;
				GCC_OPTIMIZATION_LEVEL = 0;
				GCC_PREPROCESSOR_DEFINITIONS = (
					"DEBUG=1",
					"$(inherited)",
				);
				GCC_WARN_64_TO_32_BIT_CONVERSION = YES;
				GCC_WARN_ABOUT_RETURN_TYPE = YES_ERROR;
				GCC_WARN_UNDECLARED_SELECTOR = YES;
				GCC_WARN_UNINITIALIZED_AUTOS = YES_AGGRESSIVE;
				GCC_WARN_UNUSED_FUNCTION = YES;
				GCC_WARN_UNUSED_VARIABLE = YES;
				MACOSX_DEPLOYMENT_TARGET = 11.1;
				MTL_ENABLE_DEBUG_INFO = INCLUDE_SOURCE;
				MTL_FAST_MATH = YES;
				ONLY_ACTIVE_ARCH = YES;
				SDKROOT = macosx;
				SWIFT_ACTIVE_COMPILATION_CONDITIONS = DEBUG;
				SWIFT_OPTIMIZATION_LEVEL = "-Onone";
			};
			name = Debug;
		};
		02714348261E999C0037AD6E /* Release */ = {
			isa = XCBuildConfiguration;
			buildSettings = {
				ALWAYS_SEARCH_USER_PATHS = NO;
				CLANG_ANALYZER_NONNULL = YES;
				CLANG_ANALYZER_NUMBER_OBJECT_CONVERSION = YES_AGGRESSIVE;
				CLANG_CXX_LANGUAGE_STANDARD = "gnu++14";
				CLANG_CXX_LIBRARY = "libc++";
				CLANG_ENABLE_MODULES = YES;
				CLANG_ENABLE_OBJC_ARC = YES;
				CLANG_ENABLE_OBJC_WEAK = YES;
				CLANG_WARN_BLOCK_CAPTURE_AUTORELEASING = YES;
				CLANG_WARN_BOOL_CONVERSION = YES;
				CLANG_WARN_COMMA = YES;
				CLANG_WARN_CONSTANT_CONVERSION = YES;
				CLANG_WARN_DEPRECATED_OBJC_IMPLEMENTATIONS = YES;
				CLANG_WARN_DIRECT_OBJC_ISA_USAGE = YES_ERROR;
				CLANG_WARN_DOCUMENTATION_COMMENTS = YES;
				CLANG_WARN_EMPTY_BODY = YES;
				CLANG_WARN_ENUM_CONVERSION = YES;
				CLANG_WARN_INFINITE_RECURSION = YES;
				CLANG_WARN_INT_CONVERSION = YES;
				CLANG_WARN_NON_LITERAL_NULL_CONVERSION = YES;
				CLANG_WARN_OBJC_IMPLICIT_RETAIN_SELF = YES;
				CLANG_WARN_OBJC_LITERAL_CONVERSION = YES;
				CLANG_WARN_OBJC_ROOT_CLASS = YES_ERROR;
				CLANG_WARN_QUOTED_INCLUDE_IN_FRAMEWORK_HEADER = YES;
				CLANG_WARN_RANGE_LOOP_ANALYSIS = YES;
				CLANG_WARN_STRICT_PROTOTYPES = YES;
				CLANG_WARN_SUSPICIOUS_MOVE = YES;
				CLANG_WARN_UNGUARDED_AVAILABILITY = YES_AGGRESSIVE;
				CLANG_WARN_UNREACHABLE_CODE = YES;
				CLANG_WARN__DUPLICATE_METHOD_MATCH = YES;
				COPY_PHASE_STRIP = NO;
				DEBUG_INFORMATION_FORMAT = "dwarf-with-dsym";
				ENABLE_NS_ASSERTIONS = NO;
				ENABLE_STRICT_OBJC_MSGSEND = YES;
				GCC_C_LANGUAGE_STANDARD = gnu11;
				GCC_NO_COMMON_BLOCKS = YES;
				GCC_WARN_64_TO_32_BIT_CONVERSION = YES;
				GCC_WARN_ABOUT_RETURN_TYPE = YES_ERROR;
				GCC_WARN_UNDECLARED_SELECTOR = YES;
				GCC_WARN_UNINITIALIZED_AUTOS = YES_AGGRESSIVE;
				GCC_WARN_UNUSED_FUNCTION = YES;
				GCC_WARN_UNUSED_VARIABLE = YES;
				MACOSX_DEPLOYMENT_TARGET = 11.1;
				MTL_ENABLE_DEBUG_INFO = NO;
				MTL_FAST_MATH = YES;
				SDKROOT = macosx;
				SWIFT_COMPILATION_MODE = wholemodule;
				SWIFT_OPTIMIZATION_LEVEL = "-O";
			};
			name = Release;
		};
		0271434A261E999C0037AD6E /* Debug */ = {
			isa = XCBuildConfiguration;
			buildSettings = {
				CODE_SIGN_ENTITLEMENTS = "SearchKey Extension/SearchKey_Extension.entitlements";
				CODE_SIGN_STYLE = Automatic;
				DEVELOPMENT_TEAM = HKF675NV7B;
				ENABLE_HARDENED_RUNTIME = YES;
				INFOPLIST_FILE = "SearchKey Extension/Info.plist";
				LD_RUNPATH_SEARCH_PATHS = (
					"$(inherited)",
					"@executable_path/../Frameworks",
					"@executable_path/../../../../Frameworks",
				);
				PRODUCT_BUNDLE_IDENTIFIER = com.finefiddle.SearchKey.Extension;
				PRODUCT_NAME = "$(TARGET_NAME)";
				SKIP_INSTALL = YES;
				SWIFT_VERSION = 5.0;
			};
			name = Debug;
		};
		0271434B261E999C0037AD6E /* Release */ = {
			isa = XCBuildConfiguration;
			buildSettings = {
				CODE_SIGN_ENTITLEMENTS = "SearchKey Extension/SearchKey_Extension.entitlements";
				CODE_SIGN_STYLE = Automatic;
				DEVELOPMENT_TEAM = HKF675NV7B;
				ENABLE_HARDENED_RUNTIME = YES;
				INFOPLIST_FILE = "SearchKey Extension/Info.plist";
				LD_RUNPATH_SEARCH_PATHS = (
					"$(inherited)",
					"@executable_path/../Frameworks",
					"@executable_path/../../../../Frameworks",
				);
				PRODUCT_BUNDLE_IDENTIFIER = com.finefiddle.SearchKey.Extension;
				PRODUCT_NAME = "$(TARGET_NAME)";
				SKIP_INSTALL = YES;
				SWIFT_VERSION = 5.0;
			};
			name = Release;
		};
		0271434E261E999C0037AD6E /* Debug */ = {
			isa = XCBuildConfiguration;
			buildSettings = {
				ALWAYS_EMBED_SWIFT_STANDARD_LIBRARIES = YES;
				ASSETCATALOG_COMPILER_APPICON_NAME = AppIcon;
				ASSETCATALOG_COMPILER_GLOBAL_ACCENT_COLOR_NAME = AccentColor;
				CODE_SIGN_ENTITLEMENTS = SearchKey/SearchKey.entitlements;
				CODE_SIGN_STYLE = Automatic;
				COMBINE_HIDPI_IMAGES = YES;
				DEVELOPMENT_TEAM = HKF675NV7B;
				ENABLE_HARDENED_RUNTIME = YES;
				INFOPLIST_FILE = SearchKey/Info.plist;
				LD_RUNPATH_SEARCH_PATHS = (
					"$(inherited)",
					"@executable_path/../Frameworks",
				);
				MACOSX_DEPLOYMENT_TARGET = 10.14;
				PRODUCT_BUNDLE_IDENTIFIER = com.finefiddle.SearchKey;
				PRODUCT_NAME = "$(TARGET_NAME)";
				SWIFT_VERSION = 5.0;
			};
			name = Debug;
		};
		0271434F261E999C0037AD6E /* Release */ = {
			isa = XCBuildConfiguration;
			buildSettings = {
				ALWAYS_EMBED_SWIFT_STANDARD_LIBRARIES = YES;
				ASSETCATALOG_COMPILER_APPICON_NAME = AppIcon;
				ASSETCATALOG_COMPILER_GLOBAL_ACCENT_COLOR_NAME = AccentColor;
				CODE_SIGN_ENTITLEMENTS = SearchKey/SearchKey.entitlements;
				CODE_SIGN_STYLE = Automatic;
				COMBINE_HIDPI_IMAGES = YES;
				DEVELOPMENT_TEAM = HKF675NV7B;
				ENABLE_HARDENED_RUNTIME = YES;
				INFOPLIST_FILE = SearchKey/Info.plist;
				LD_RUNPATH_SEARCH_PATHS = (
					"$(inherited)",
					"@executable_path/../Frameworks",
				);
				MACOSX_DEPLOYMENT_TARGET = 10.14;
				PRODUCT_BUNDLE_IDENTIFIER = com.finefiddle.SearchKey;
				PRODUCT_NAME = "$(TARGET_NAME)";
				SWIFT_VERSION = 5.0;
			};
			name = Release;
		};
/* End XCBuildConfiguration section */

/* Begin XCConfigurationList section */
		0271431A261E999B0037AD6E /* Build configuration list for PBXProject "SearchKey" */ = {
			isa = XCConfigurationList;
			buildConfigurations = (
				02714347261E999C0037AD6E /* Debug */,
				02714348261E999C0037AD6E /* Release */,
			);
			defaultConfigurationIsVisible = 0;
			defaultConfigurationName = Release;
		};
		02714349261E999C0037AD6E /* Build configuration list for PBXNativeTarget "SearchKey Extension" */ = {
			isa = XCConfigurationList;
			buildConfigurations = (
				0271434A261E999C0037AD6E /* Debug */,
				0271434B261E999C0037AD6E /* Release */,
			);
			defaultConfigurationIsVisible = 0;
			defaultConfigurationName = Release;
		};
		0271434D261E999C0037AD6E /* Build configuration list for PBXNativeTarget "SearchKey" */ = {
			isa = XCConfigurationList;
			buildConfigurations = (
				0271434E261E999C0037AD6E /* Debug */,
				0271434F261E999C0037AD6E /* Release */,
			);
			defaultConfigurationIsVisible = 0;
			defaultConfigurationName = Release;
		};
/* End XCConfigurationList section */
	};
	rootObject = 02714317261E999B0037AD6E /* Project object */;
}
